
Microsoft Visual Studio Solution File, Format Version 12.00
# Visual Studio Version 17
VisualStudioVersion = 17.11.35327.3
MinimumVisualStudioVersion = 10.0.40219.1
Project("{FAE04EC0-301F-11D3-BF4B-00C04F79EFBC}") = "Farmacia", "Farmacia\Farmacia.csproj", "{DDE31823-77AE-48B5-8DDE-C30F18398C29}"
EndProject
Global
	GlobalSection(SolutionConfigurationPlatforms) = preSolution
		Debug|Any CPU = Debug|Any CPU
		Release|Any CPU = Release|Any CPU
	EndGlobalSection
	GlobalSection(ProjectConfigurationPlatforms) = postSolution
		{DDE31823-77AE-48B5-8DDE-C30F18398C29}.Debug|Any CPU.ActiveCfg = Debug|Any CPU
		{DDE31823-77AE-48B5-8DDE-C30F18398C29}.Debug|Any CPU.Build.0 = Debug|Any CPU
		{DDE31823-77AE-48B5-8DDE-C30F18398C29}.Release|Any CPU.ActiveCfg = Release|Any CPU
		{DDE31823-77AE-48B5-8DDE-C30F18398C29}.Release|Any CPU.Build.0 = Release|Any CPU
	EndGlobalSection
	GlobalSection(SolutionProperties) = preSolution
		HideSolutionNode = FALSE
	EndGlobalSection
	GlobalSection(ExtensibilityGlobals) = postSolution
		SolutionGuid = {EA8585FA-3855-4C0C-84E2-5F2D7A44F306}
	EndGlobalSection
EndGlobal
